
Microsoft Visual Studio Solution File, Format Version 12.00
# Visual Studio 15
VisualStudioVersion = 15.0.28124.53
MinimumVisualStudioVersion = 10.0.40219.1
Project("{9A19103F-16F7-4668-BE54-9A1E7A4F7556}") = "SentryToMail.API", "SentryToMail\SentryToMail.API.csproj", "{ABD0EAEC-8BA3-4BA2-81D8-D130DCFE24FA}"
EndProject
Project("{2150E333-8FDC-42A3-9474-1A3956D46DE8}") = "src", "src", "{102D591F-195F-4B65-98D8-840D82230EE3}"
EndProject
Global
	GlobalSection(SolutionConfigurationPlatforms) = preSolution
		Debug|Any CPU = Debug|Any CPU
		Release|Any CPU = Release|Any CPU
	EndGlobalSection
	GlobalSection(ProjectConfigurationPlatforms) = postSolution
		{ABD0EAEC-8BA3-4BA2-81D8-D130DCFE24FA}.Debug|Any CPU.ActiveCfg = Debug|Any CPU
		{ABD0EAEC-8BA3-4BA2-81D8-D130DCFE24FA}.Debug|Any CPU.Build.0 = Debug|Any CPU
		{ABD0EAEC-8BA3-4BA2-81D8-D130DCFE24FA}.Release|Any CPU.ActiveCfg = Release|Any CPU
		{ABD0EAEC-8BA3-4BA2-81D8-D130DCFE24FA}.Release|Any CPU.Build.0 = Release|Any CPU
	EndGlobalSection
	GlobalSection(SolutionProperties) = preSolution
		HideSolutionNode = FALSE
	EndGlobalSection
	GlobalSection(NestedProjects) = preSolution
		{ABD0EAEC-8BA3-4BA2-81D8-D130DCFE24FA} = {102D591F-195F-4B65-98D8-840D82230EE3}
	EndGlobalSection
	GlobalSection(ExtensibilityGlobals) = postSolution
		SolutionGuid = {1418D477-64F0-4782-9030-C83027024903}
	EndGlobalSection
EndGlobal
