
Microsoft Visual Studio Solution File, Format Version 12.00
# Visual Studio 15
VisualStudioVersion = 15.0.28124.53
MinimumVisualStudioVersion = 10.0.40219.1
Project("{9A19103F-16F7-4668-BE54-9A1E7A4F7556}") = "SentryToMail.API", "SentryToMail.API\SentryToMail.API.csproj", "{ABD0EAEC-8BA3-4BA2-81D8-D130DCFE24FA}"
EndProject
Project("{2150E333-8FDC-42A3-9474-1A3956D46DE8}") = "src", "src", "{102D591F-195F-4B65-98D8-840D82230EE3}"
EndProject
Project("{9A19103F-16F7-4668-BE54-9A1E7A4F7556}") = "SentryToMail.Domain", "SentryToMail.Domain\SentryToMail.Domain.csproj", "{80CF17D4-FCA5-4F6B-8FB5-93991C58C8CB}"
EndProject
Project("{9A19103F-16F7-4668-BE54-9A1E7A4F7556}") = "SentryToMail.Models", "SentryToMail.Models\SentryToMail.Models.csproj", "{1C8783FD-87A9-404C-8155-4CFDF8DEC4C0}"
EndProject
Project("{9A19103F-16F7-4668-BE54-9A1E7A4F7556}") = "SentryToMail.Utils", "SentryToMail.Utils\SentryToMail.Utils.csproj", "{6B804C14-D131-4965-B2A2-D2D7EE758E7C}"
EndProject
Project("{9A19103F-16F7-4668-BE54-9A1E7A4F7556}") = "SentryToMail.Configurations", "SentryToMail.Configurations\SentryToMail.Configurations.csproj", "{CA2129F5-7C89-478E-9192-2E36204A0AFE}"
EndProject
Project("{2150E333-8FDC-42A3-9474-1A3956D46DE8}") = "Solution Items", "Solution Items", "{6823F574-4413-4D61-AB06-743FA18A14C1}"
	ProjectSection(SolutionItems) = preProject
		..\Dockerfile = ..\Dockerfile
		..\global.json = ..\global.json
		..\README.md = ..\README.md
	EndProjectSection
EndProject
Project("{9A19103F-16F7-4668-BE54-9A1E7A4F7556}") = "SentryToMail.Middleware", "SentryToMail.Middleware\SentryToMail.Middleware.csproj", "{7015D75B-1BE3-4BB9-8ECF-5C31FCD879B1}"
EndProject
Global
	GlobalSection(SolutionConfigurationPlatforms) = preSolution
		Debug|Any CPU = Debug|Any CPU
		Release|Any CPU = Release|Any CPU
	EndGlobalSection
	GlobalSection(ProjectConfigurationPlatforms) = postSolution
		{ABD0EAEC-8BA3-4BA2-81D8-D130DCFE24FA}.Debug|Any CPU.ActiveCfg = Debug|Any CPU
		{ABD0EAEC-8BA3-4BA2-81D8-D130DCFE24FA}.Debug|Any CPU.Build.0 = Debug|Any CPU
		{ABD0EAEC-8BA3-4BA2-81D8-D130DCFE24FA}.Release|Any CPU.ActiveCfg = Release|Any CPU
		{ABD0EAEC-8BA3-4BA2-81D8-D130DCFE24FA}.Release|Any CPU.Build.0 = Release|Any CPU
		{80CF17D4-FCA5-4F6B-8FB5-93991C58C8CB}.Debug|Any CPU.ActiveCfg = Debug|Any CPU
		{80CF17D4-FCA5-4F6B-8FB5-93991C58C8CB}.Debug|Any CPU.Build.0 = Debug|Any CPU
		{80CF17D4-FCA5-4F6B-8FB5-93991C58C8CB}.Release|Any CPU.ActiveCfg = Release|Any CPU
		{80CF17D4-FCA5-4F6B-8FB5-93991C58C8CB}.Release|Any CPU.Build.0 = Release|Any CPU
		{1C8783FD-87A9-404C-8155-4CFDF8DEC4C0}.Debug|Any CPU.ActiveCfg = Debug|Any CPU
		{1C8783FD-87A9-404C-8155-4CFDF8DEC4C0}.Debug|Any CPU.Build.0 = Debug|Any CPU
		{1C8783FD-87A9-404C-8155-4CFDF8DEC4C0}.Release|Any CPU.ActiveCfg = Release|Any CPU
		{1C8783FD-87A9-404C-8155-4CFDF8DEC4C0}.Release|Any CPU.Build.0 = Release|Any CPU
		{6B804C14-D131-4965-B2A2-D2D7EE758E7C}.Debug|Any CPU.ActiveCfg = Debug|Any CPU
		{6B804C14-D131-4965-B2A2-D2D7EE758E7C}.Debug|Any CPU.Build.0 = Debug|Any CPU
		{6B804C14-D131-4965-B2A2-D2D7EE758E7C}.Release|Any CPU.ActiveCfg = Release|Any CPU
		{6B804C14-D131-4965-B2A2-D2D7EE758E7C}.Release|Any CPU.Build.0 = Release|Any CPU
		{CA2129F5-7C89-478E-9192-2E36204A0AFE}.Debug|Any CPU.ActiveCfg = Debug|Any CPU
		{CA2129F5-7C89-478E-9192-2E36204A0AFE}.Debug|Any CPU.Build.0 = Debug|Any CPU
		{CA2129F5-7C89-478E-9192-2E36204A0AFE}.Release|Any CPU.ActiveCfg = Release|Any CPU
		{CA2129F5-7C89-478E-9192-2E36204A0AFE}.Release|Any CPU.Build.0 = Release|Any CPU
		{7015D75B-1BE3-4BB9-8ECF-5C31FCD879B1}.Debug|Any CPU.ActiveCfg = Debug|Any CPU
		{7015D75B-1BE3-4BB9-8ECF-5C31FCD879B1}.Debug|Any CPU.Build.0 = Debug|Any CPU
		{7015D75B-1BE3-4BB9-8ECF-5C31FCD879B1}.Release|Any CPU.ActiveCfg = Release|Any CPU
		{7015D75B-1BE3-4BB9-8ECF-5C31FCD879B1}.Release|Any CPU.Build.0 = Release|Any CPU
	EndGlobalSection
	GlobalSection(SolutionProperties) = preSolution
		HideSolutionNode = FALSE
	EndGlobalSection
	GlobalSection(NestedProjects) = preSolution
		{ABD0EAEC-8BA3-4BA2-81D8-D130DCFE24FA} = {102D591F-195F-4B65-98D8-840D82230EE3}
		{80CF17D4-FCA5-4F6B-8FB5-93991C58C8CB} = {102D591F-195F-4B65-98D8-840D82230EE3}
		{1C8783FD-87A9-404C-8155-4CFDF8DEC4C0} = {102D591F-195F-4B65-98D8-840D82230EE3}
		{6B804C14-D131-4965-B2A2-D2D7EE758E7C} = {102D591F-195F-4B65-98D8-840D82230EE3}
		{CA2129F5-7C89-478E-9192-2E36204A0AFE} = {102D591F-195F-4B65-98D8-840D82230EE3}
		{7015D75B-1BE3-4BB9-8ECF-5C31FCD879B1} = {102D591F-195F-4B65-98D8-840D82230EE3}
	EndGlobalSection
	GlobalSection(ExtensibilityGlobals) = postSolution
		SolutionGuid = {1418D477-64F0-4782-9030-C83027024903}
	EndGlobalSection
EndGlobal
